Microsoft Visual Studio Solution File, Format Version 12.00
# Visual Studio Version 17
VisualStudioVersion = 17.5.2.0
MinimumVisualStudioVersion = 10.0.40219.1
Project("{FAE04EC0-301F-11D3-BF4B-00C04F79EFBC}") = "pokemon-app", "Server\pokemon-app.csproj", "{084865D9-CA7C-8608-EA12-2B033C43605F}"
EndProject
Global
	GlobalSection(SolutionConfigurationPlatforms) = preSolution
		Debug|Any CPU = Debug|Any CPU
		Release|Any CPU = Release|Any CPU
	EndGlobalSection
	GlobalSection(ProjectConfigurationPlatforms) = postSolution
		{084865D9-CA7C-8608-EA12-2B033C43605F}.Debug|Any CPU.ActiveCfg = Debug|Any CPU
		{084865D9-CA7C-8608-EA12-2B033C43605F}.Debug|Any CPU.Build.0 = Debug|Any CPU
		{084865D9-CA7C-8608-EA12-2B033C43605F}.Release|Any CPU.ActiveCfg = Release|Any CPU
		{084865D9-CA7C-8608-EA12-2B033C43605F}.Release|Any CPU.Build.0 = Release|Any CPU
	EndGlobalSection
	GlobalSection(SolutionProperties) = preSolution
		HideSolutionNode = FALSE
	EndGlobalSection
	GlobalSection(ExtensibilityGlobals) = postSolution
		SolutionGuid = {6B09E33A-F675-4985-A753-723DE715EAC2}
	EndGlobalSection
EndGlobal
